
Microsoft Visual Studio Solution File, Format Version 12.00
# Visual Studio 15
VisualStudioVersion = 15.0.28307.1022
MinimumVisualStudioVersion = 10.0.40219.1
Project("{FAE04EC0-301F-11D3-BF4B-00C04F79EFBC}") = "CosmosDBASPNETCore", "CosmosDBASPNETCore\CosmosDBASPNETCore.csproj", "{632E9697-1703-4DB9-B53A-5D0CB87BD2AA}"
EndProject
Global
	GlobalSection(SolutionConfigurationPlatforms) = preSolution
		Debug|Any CPU = Debug|Any CPU
		Release|Any CPU = Release|Any CPU
	EndGlobalSection
	GlobalSection(ProjectConfigurationPlatforms) = postSolution
		{632E9697-1703-4DB9-B53A-5D0CB87BD2AA}.Debug|Any CPU.ActiveCfg = Debug|Any CPU
		{632E9697-1703-4DB9-B53A-5D0CB87BD2AA}.Debug|Any CPU.Build.0 = Debug|Any CPU
		{632E9697-1703-4DB9-B53A-5D0CB87BD2AA}.Release|Any CPU.ActiveCfg = Release|Any CPU
		{632E9697-1703-4DB9-B53A-5D0CB87BD2AA}.Release|Any CPU.Build.0 = Release|Any CPU
	EndGlobalSection
	GlobalSection(SolutionProperties) = preSolution
		HideSolutionNode = FALSE
	EndGlobalSection
	GlobalSection(ExtensibilityGlobals) = postSolution
		SolutionGuid = {A14629E8-D387-4550-AE91-692D49A725C8}
	EndGlobalSection
EndGlobal
